
Microsoft Visual Studio Solution File, Format Version 12.00
Project("{FAE04EC0-301F-11D3-BF4B-00C04F79EFBC}") = "API", "API\API.csproj", "{331591D1-BB31-4E71-A7BB-622182151621}"
EndProject
Project("{FAE04EC0-301F-11D3-BF4B-00C04F79EFBC}") = "Domain", "Domain\Domain.csproj", "{4607DB61-8B8F-4B9F-8D01-430C0468D34F}"
EndProject
Project("{FAE04EC0-301F-11D3-BF4B-00C04F79EFBC}") = "Presentation", "Presentation\Presentation.csproj", "{BFFE3835-E5CA-4632-82E4-4D6C64703967}"
EndProject
Project("{FAE04EC0-301F-11D3-BF4B-00C04F79EFBC}") = "Infrastructure", "Infrastructure\Infrastructure.csproj", "{0CFB41AE-D910-47DA-AC36-51D7ECE55C86}"
EndProject
Project("{FAE04EC0-301F-11D3-BF4B-00C04F79EFBC}") = "Application", "Application\Application.csproj", "{1A31D855-74CB-4884-9F82-9F99695C2ACE}"
EndProject
Project("{2150E333-8FDC-42A3-9474-1A3956D46DE8}") = "src", "src", "{8F9D0473-B8AD-4C3B-90BC-E2BC228F2BC5}"
EndProject
Project("{2150E333-8FDC-42A3-9474-1A3956D46DE8}") = "solution files", "solution files", "{ED44F403-87A3-4AC3-9EBC-4245DDA1502D}"
EndProject
Project("{FAE04EC0-301F-11D3-BF4B-00C04F79EFBC}") = "Tests", "Tests\Tests.csproj", "{886B0BD3-6CF1-4A71-BD32-F1AD82708FFB}"
EndProject
Global
	GlobalSection(SolutionConfigurationPlatforms) = preSolution
		Debug|Any CPU = Debug|Any CPU
		Release|Any CPU = Release|Any CPU
	EndGlobalSection
	GlobalSection(ProjectConfigurationPlatforms) = postSolution
		{331591D1-BB31-4E71-A7BB-622182151621}.Debug|Any CPU.ActiveCfg = Debug|Any CPU
		{331591D1-BB31-4E71-A7BB-622182151621}.Debug|Any CPU.Build.0 = Debug|Any CPU
		{331591D1-BB31-4E71-A7BB-622182151621}.Release|Any CPU.ActiveCfg = Release|Any CPU
		{331591D1-BB31-4E71-A7BB-622182151621}.Release|Any CPU.Build.0 = Release|Any CPU
		{4607DB61-8B8F-4B9F-8D01-430C0468D34F}.Debug|Any CPU.ActiveCfg = Debug|Any CPU
		{4607DB61-8B8F-4B9F-8D01-430C0468D34F}.Debug|Any CPU.Build.0 = Debug|Any CPU
		{4607DB61-8B8F-4B9F-8D01-430C0468D34F}.Release|Any CPU.ActiveCfg = Release|Any CPU
		{4607DB61-8B8F-4B9F-8D01-430C0468D34F}.Release|Any CPU.Build.0 = Release|Any CPU
		{BFFE3835-E5CA-4632-82E4-4D6C64703967}.Debug|Any CPU.ActiveCfg = Debug|Any CPU
		{BFFE3835-E5CA-4632-82E4-4D6C64703967}.Debug|Any CPU.Build.0 = Debug|Any CPU
		{BFFE3835-E5CA-4632-82E4-4D6C64703967}.Release|Any CPU.ActiveCfg = Release|Any CPU
		{BFFE3835-E5CA-4632-82E4-4D6C64703967}.Release|Any CPU.Build.0 = Release|Any CPU
		{0CFB41AE-D910-47DA-AC36-51D7ECE55C86}.Debug|Any CPU.ActiveCfg = Debug|Any CPU
		{0CFB41AE-D910-47DA-AC36-51D7ECE55C86}.Debug|Any CPU.Build.0 = Debug|Any CPU
		{0CFB41AE-D910-47DA-AC36-51D7ECE55C86}.Release|Any CPU.ActiveCfg = Release|Any CPU
		{0CFB41AE-D910-47DA-AC36-51D7ECE55C86}.Release|Any CPU.Build.0 = Release|Any CPU
		{1A31D855-74CB-4884-9F82-9F99695C2ACE}.Debug|Any CPU.ActiveCfg = Debug|Any CPU
		{1A31D855-74CB-4884-9F82-9F99695C2ACE}.Debug|Any CPU.Build.0 = Debug|Any CPU
		{1A31D855-74CB-4884-9F82-9F99695C2ACE}.Release|Any CPU.ActiveCfg = Release|Any CPU
		{1A31D855-74CB-4884-9F82-9F99695C2ACE}.Release|Any CPU.Build.0 = Release|Any CPU
		{886B0BD3-6CF1-4A71-BD32-F1AD82708FFB}.Debug|Any CPU.ActiveCfg = Debug|Any CPU
		{886B0BD3-6CF1-4A71-BD32-F1AD82708FFB}.Debug|Any CPU.Build.0 = Debug|Any CPU
		{886B0BD3-6CF1-4A71-BD32-F1AD82708FFB}.Release|Any CPU.ActiveCfg = Release|Any CPU
		{886B0BD3-6CF1-4A71-BD32-F1AD82708FFB}.Release|Any CPU.Build.0 = Release|Any CPU
	EndGlobalSection
	GlobalSection(NestedProjects) = preSolution
		{331591D1-BB31-4E71-A7BB-622182151621} = {8F9D0473-B8AD-4C3B-90BC-E2BC228F2BC5}
		{1A31D855-74CB-4884-9F82-9F99695C2ACE} = {8F9D0473-B8AD-4C3B-90BC-E2BC228F2BC5}
		{4607DB61-8B8F-4B9F-8D01-430C0468D34F} = {8F9D0473-B8AD-4C3B-90BC-E2BC228F2BC5}
		{0CFB41AE-D910-47DA-AC36-51D7ECE55C86} = {8F9D0473-B8AD-4C3B-90BC-E2BC228F2BC5}
		{BFFE3835-E5CA-4632-82E4-4D6C64703967} = {8F9D0473-B8AD-4C3B-90BC-E2BC228F2BC5}
		{886B0BD3-6CF1-4A71-BD32-F1AD82708FFB} = {8F9D0473-B8AD-4C3B-90BC-E2BC228F2BC5}
	EndGlobalSection
EndGlobal
